// !$*UTF8*$!
{
	archiveVersion = 1;
	classes = {
	};
	objectVersion = 50;
	objects = {

/* Begin PBXBuildFile section */
		BCF28015232E8E7300B8C9AB /* AppDelegate.swift in Sources */ = {isa = PBXBuildFile; fileRef = BCF28014232E8E7300B8C9AB /* AppDelegate.swift */; };
		BCF28017232E8E7300B8C9AB /* SceneDelegate.swift in Sources */ = {isa = PBXBuildFile; fileRef = BCF28016232E8E7300B8C9AB /* SceneDelegate.swift */; };
		BCF28019232E8E7300B8C9AB /* ViewController.swift in Sources */ = {isa = PBXBuildFile; fileRef = BCF28018232E8E7300B8C9AB /* ViewController.swift */; };
		BCF2801C232E8E7300B8C9AB /* Main.storyboard in Resources */ = {isa = PBXBuildFile; fileRef = BCF2801A232E8E7300B8C9AB /* Main.storyboard */; };
		BCF2801E232E8E7400B8C9AB /* Assets.xcassets in Resources */ = {isa = PBXBuildFile; fileRef = BCF2801D232E8E7400B8C9AB /* Assets.xcassets */; };
		BCF28021232E8E7400B8C9AB /* LaunchScreen.storyboard in Resources */ = {isa = PBXBuildFile; fileRef = BCF2801F232E8E7400B8C9AB /* LaunchScreen.storyboard */; };
		BCF2802D232E91C500B8C9AB /* GeneratedFile.swift in Sources */ = {isa = PBXBuildFile; fileRef = BCF2802C232E91C500B8C9AB /* GeneratedFile.swift */; };
/* End PBXBuildFile section */

/* Begin PBXFileReference section */
		BCF28011232E8E7300B8C9AB /* ExampleApp.app */ = {isa = PBXFileReference; explicitFileType = wrapper.application; includeInIndex = 0; path = ExampleApp.app; sourceTree = BUILT_PRODUCTS_DIR; };
		BCF28014232E8E7300B8C9AB /* AppDelegate.swift */ = {isa = PBXFileReference; lastKnownFileType = sourcecode.swift; path = AppDelegate.swift; sourceTree = "<group>"; };
		BCF28016232E8E7300B8C9AB /* SceneDelegate.swift */ = {isa = PBXFileReference; lastKnownFileType = sourcecode.swift; path = SceneDelegate.swift; sourceTree = "<group>"; };
		BCF28018232E8E7300B8C9AB /* ViewController.swift */ = {isa = PBXFileReference; lastKnownFileType = sourcecode.swift; path = ViewController.swift; sourceTree = "<group>"; };
		BCF2801B232E8E7300B8C9AB /* Base */ = {isa = PBXFileReference; lastKnownFileType = file.storyboard; name = Base; path = Base.lproj/Main.storyboard; sourceTree = "<group>"; };
		BCF2801D232E8E7400B8C9AB /* Assets.xcassets */ = {isa = PBXFileReference; lastKnownFileType = folder.assetcatalog; path = Assets.xcassets; sourceTree = "<group>"; };
		BCF28020232E8E7400B8C9AB /* Base */ = {isa = PBXFileReference; lastKnownFileType = file.storyboard; name = Base; path = Base.lproj/LaunchScreen.storyboard; sourceTree = "<group>"; };
		BCF28022232E8E7400B8C9AB /* Info.plist */ = {isa = PBXFileReference; lastKnownFileType = text.plist.xml; path = Info.plist; sourceTree = "<group>"; };
		BCF28028232E8ED600B8C9AB /* CodeGenTool */ = {isa = PBXFileReference; lastKnownFileType = folder; path = CodeGenTool; sourceTree = "<group>"; };
		BCF2802C232E91C500B8C9AB /* GeneratedFile.swift */ = {isa = PBXFileReference; lastKnownFileType = sourcecode.swift; name = GeneratedFile.swift; path = "../../Intermediates.noindex/ExampleApp.build/Debug-iphonesimulator/ExampleApp.build/DerivedSources/GeneratedFile.swift"; sourceTree = BUILT_PRODUCTS_DIR; };
		BCF28030232E922B00B8C9AB /* version.txt */ = {isa = PBXFileReference; lastKnownFileType = text; path = version.txt; sourceTree = "<group>"; };
/* End PBXFileReference section */

/* Begin PBXFrameworksBuildPhase section */
		BCF2800E232E8E7300B8C9AB /* Frameworks */ = {
			isa = PBXFrameworksBuildPhase;
			buildActionMask = 2147483647;
			files = (
			);
			runOnlyForDeploymentPostprocessing = 0;
		};
/* End PBXFrameworksBuildPhase section */

/* Begin PBXGroup section */
		BCF28008232E8E7300B8C9AB = {
			isa = PBXGroup;
			children = (
				BCF2802C232E91C500B8C9AB /* GeneratedFile.swift */,
				BCF28028232E8ED600B8C9AB /* CodeGenTool */,
				BCF28013232E8E7300B8C9AB /* ExampleApp */,
				BCF28012232E8E7300B8C9AB /* Products */,
			);
			sourceTree = "<group>";
		};
		BCF28012232E8E7300B8C9AB /* Products */ = {
			isa = PBXGroup;
			children = (
				BCF28011232E8E7300B8C9AB /* ExampleApp.app */,
			);
			name = Products;
			sourceTree = "<group>";
		};
		BCF28013232E8E7300B8C9AB /* ExampleApp */ = {
			isa = PBXGroup;
			children = (
				BCF28030232E922B00B8C9AB /* version.txt */,
				BCF28014232E8E7300B8C9AB /* AppDelegate.swift */,
				BCF28016232E8E7300B8C9AB /* SceneDelegate.swift */,
				BCF28018232E8E7300B8C9AB /* ViewController.swift */,
				BCF2801A232E8E7300B8C9AB /* Main.storyboard */,
				BCF2801D232E8E7400B8C9AB /* Assets.xcassets */,
				BCF2801F232E8E7400B8C9AB /* LaunchScreen.storyboard */,
				BCF28022232E8E7400B8C9AB /* Info.plist */,
			);
			path = ExampleApp;
			sourceTree = "<group>";
		};
/* End PBXGroup section */

/* Begin PBXNativeTarget section */
		BCF28010232E8E7300B8C9AB /* ExampleApp */ = {
			isa = PBXNativeTarget;
			buildConfigurationList = BCF28025232E8E7400B8C9AB /* Build configuration list for PBXNativeTarget "ExampleApp" */;
			buildPhases = (
				BCF2802B232E8F9800B8C9AB /* ShellScript */,
				BCF2800D232E8E7300B8C9AB /* Sources */,
				BCF2800E232E8E7300B8C9AB /* Frameworks */,
				BCF2800F232E8E7300B8C9AB /* Resources */,
			);
			buildRules = (
			);
			dependencies = (
				BCF2802A232E8EE500B8C9AB /* PBXTargetDependency */,
			);
			name = ExampleApp;
			productName = ExampleApp;
			productReference = BCF28011232E8E7300B8C9AB /* ExampleApp.app */;
			productType = "com.apple.product-type.application";
		};
/* End PBXNativeTarget section */

/* Begin PBXProject section */
		BCF28009232E8E7300B8C9AB /* Project object */ = {
			isa = PBXProject;
			attributes = {
				LastSwiftUpdateCheck = 1100;
				LastUpgradeCheck = 1100;
				ORGANIZATIONNAME = Ankit;
				TargetAttributes = {
					BCF28010232E8E7300B8C9AB = {
						CreatedOnToolsVersion = 11.0;
					};
				};
			};
			buildConfigurationList = BCF2800C232E8E7300B8C9AB /* Build configuration list for PBXProject "ExampleApp" */;
			compatibilityVersion = "Xcode 9.3";
			developmentRegion = en;
			hasScannedForEncodings = 0;
			knownRegions = (
				en,
				Base,
			);
			mainGroup = BCF28008232E8E7300B8C9AB;
			productRefGroup = BCF28012232E8E7300B8C9AB /* Products */;
			projectDirPath = "";
			projectRoot = "";
			targets = (
				BCF28010232E8E7300B8C9AB /* ExampleApp */,
			);
		};
/* End PBXProject section */

/* Begin PBXResourcesBuildPhase section */
		BCF2800F232E8E7300B8C9AB /* Resources */ = {
			isa = PBXResourcesBuildPhase;
			buildActionMask = 2147483647;
			files = (
				BCF28021232E8E7400B8C9AB /* LaunchScreen.storyboard in Resources */,
				BCF2801E232E8E7400B8C9AB /* Assets.xcassets in Resources */,
				BCF2801C232E8E7300B8C9AB /* Main.storyboard in Resources */,
			);
			runOnlyForDeploymentPostprocessing = 0;
		};
/* End PBXResourcesBuildPhase section */

/* Begin PBXShellScriptBuildPhase section */
		BCF2802B232E8F9800B8C9AB /* ShellScript */ = {
			isa = PBXShellScriptBuildPhase;
			buildActionMask = 2147483647;
			files = (
			);
			inputFileListPaths = (
			);
			inputPaths = (
				"$(SRCROOT)/ExampleApp/version.txt",
			);
			outputFileListPaths = (
			);
			outputPaths = (
				"$(DERIVED_FILE_DIR)/GeneratedFile.swift",
			);
			runOnlyForDeploymentPostprocessing = 0;
			shellPath = /bin/sh;
			shellScript = "$SYMROOT/$CONFIGURATION/CodeGenTool $DERIVED_FILE_DIR/GeneratedFile.swift $SRCROOT/ExampleApp/version.txt\n";
			showEnvVarsInLog = 0;
		};
/* End PBXShellScriptBuildPhase section */

/* Begin PBXSourcesBuildPhase section */
		BCF2800D232E8E7300B8C9AB /* Sources */ = {
			isa = PBXSourcesBuildPhase;
			buildActionMask = 2147483647;
			files = (
				BCF2802D232E91C500B8C9AB /* GeneratedFile.swift in Sources */,
				BCF28019232E8E7300B8C9AB /* ViewController.swift in Sources */,
				BCF28015232E8E7300B8C9AB /* AppDelegate.swift in Sources */,
				BCF28017232E8E7300B8C9AB /* SceneDelegate.swift in Sources */,
			);
			runOnlyForDeploymentPostprocessing = 0;
		};
/* End PBXSourcesBuildPhase section */

/* Begin PBXTargetDependency section */
		BCF2802A232E8EE500B8C9AB /* PBXTargetDependency */ = {
			isa = PBXTargetDependency;
			productRef = BCF28029232E8EE500B8C9AB /* CodeGenTool */;
		};
/* End PBXTargetDependency section */

/* Begin PBXVariantGroup section */
		BCF2801A232E8E7300B8C9AB /* Main.storyboard */ = {
			isa = PBXVariantGroup;
			children = (
				BCF2801B232E8E7300B8C9AB /* Base */,
			);
			name = Main.storyboard;
			sourceTree = "<group>";
		};
		BCF2801F232E8E7400B8C9AB /* LaunchScreen.storyboard */ = {
			isa = PBXVariantGroup;
			children = (
				BCF28020232E8E7400B8C9AB /* Base */,
			);
			name = LaunchScreen.storyboard;
			sourceTree = "<group>";
		};
/* End PBXVariantGroup section */

/* Begin XCBuildConfiguration section */
		BCF28023232E8E7400B8C9AB /* Debug */ = {
			isa = XCBuildConfiguration;
			buildSettings = {
				ALWAYS_SEARCH_USER_PATHS = NO;
				CLANG_ANALYZER_NONNULL = YES;
				CLANG_ANALYZER_NUMBER_OBJECT_CONVERSION = YES_AGGRESSIVE;
				CLANG_CXX_LANGUAGE_STANDARD = "gnu++14";
				CLANG_CXX_LIBRARY = "libc++";
				CLANG_ENABLE_MODULES = YES;
				CLANG_ENABLE_OBJC_ARC = YES;
				CLANG_ENABLE_OBJC_WEAK = YES;
				CLANG_WARN_BLOCK_CAPTURE_AUTORELEASING = YES;
				CLANG_WARN_BOOL_CONVERSION = YES;
				CLANG_WARN_COMMA = YES;
				CLANG_WARN_CONSTANT_CONVERSION = YES;
				CLANG_WARN_DEPRECATED_OBJC_IMPLEMENTATIONS = YES;
				CLANG_WARN_DIRECT_OBJC_ISA_USAGE = YES_ERROR;
				CLANG_WARN_DOCUMENTATION_COMMENTS = YES;
				CLANG_WARN_EMPTY_BODY = YES;
				CLANG_WARN_ENUM_CONVERSION = YES;
				CLANG_WARN_INFINITE_RECURSION = YES;
				CLANG_WARN_INT_CONVERSION = YES;
				CLANG_WARN_NON_LITERAL_NULL_CONVERSION = YES;
				CLANG_WARN_OBJC_IMPLICIT_RETAIN_SELF = YES;
				CLANG_WARN_OBJC_LITERAL_CONVERSION = YES;
				CLANG_WARN_OBJC_ROOT_CLASS = YES_ERROR;
				CLANG_WARN_RANGE_LOOP_ANALYSIS = YES;
				CLANG_WARN_STRICT_PROTOTYPES = YES;
				CLANG_WARN_SUSPICIOUS_MOVE = YES;
				CLANG_WARN_UNGUARDED_AVAILABILITY = YES_AGGRESSIVE;
				CLANG_WARN_UNREACHABLE_CODE = YES;
				CLANG_WARN__DUPLICATE_METHOD_MATCH = YES;
				COPY_PHASE_STRIP = NO;
				DEBUG_INFORMATION_FORMAT = dwarf;
				ENABLE_STRICT_OBJC_MSGSEND = YES;
				ENABLE_TESTABILITY = YES;
				GCC_C_LANGUAGE_STANDARD = gnu11;
				GCC_DYNAMIC_NO_PIC = NO;
				GCC_NO_COMMON_BLOCKS = YES;
				GCC_OPTIMIZATION_LEVEL = 0;
				GCC_PREPROCESSOR_DEFINITIONS = (
					"DEBUG=1",
					"$(inherited)",
				);
				GCC_WARN_64_TO_32_BIT_CONVERSION = YES;
				GCC_WARN_ABOUT_RETURN_TYPE = YES_ERROR;
				GCC_WARN_UNDECLARED_SELECTOR = YES;
				GCC_WARN_UNINITIALIZED_AUTOS = YES_AGGRESSIVE;
				GCC_WARN_UNUSED_FUNCTION = YES;
				GCC_WARN_UNUSED_VARIABLE = YES;
				IPHONEOS_DEPLOYMENT_TARGET = 13.0;
				MTL_ENABLE_DEBUG_INFO = INCLUDE_SOURCE;
				MTL_FAST_MATH = YES;
				ONLY_ACTIVE_ARCH = YES;
				SDKROOT = iphoneos;
				SWIFT_ACTIVE_COMPILATION_CONDITIONS = DEBUG;
				SWIFT_OPTIMIZATION_LEVEL = "-Onone";
			};
			name = Debug;
		};
		BCF28024232E8E7400B8C9AB /* Release */ = {
			isa = XCBuildConfiguration;
			buildSettings = {
				ALWAYS_SEARCH_USER_PATHS = NO;
				CLANG_ANALYZER_NONNULL = YES;
				CLANG_ANALYZER_NUMBER_OBJECT_CONVERSION = YES_AGGRESSIVE;
				CLANG_CXX_LANGUAGE_STANDARD = "gnu++14";
				CLANG_CXX_LIBRARY = "libc++";
				CLANG_ENABLE_MODULES = YES;
				CLANG_ENABLE_OBJC_ARC = YES;
				CLANG_ENABLE_OBJC_WEAK = YES;
				CLANG_WARN_BLOCK_CAPTURE_AUTORELEASING = YES;
				CLANG_WARN_BOOL_CONVERSION = YES;
				CLANG_WARN_COMMA = YES;
				CLANG_WARN_CONSTANT_CONVERSION = YES;
				CLANG_WARN_DEPRECATED_OBJC_IMPLEMENTATIONS = YES;
				CLANG_WARN_DIRECT_OBJC_ISA_USAGE = YES_ERROR;
				CLANG_WARN_DOCUMENTATION_COMMENTS = YES;
				CLANG_WARN_EMPTY_BODY = YES;
				CLANG_WARN_ENUM_CONVERSION = YES;
				CLANG_WARN_INFINITE_RECURSION = YES;
				CLANG_WARN_INT_CONVERSION = YES;
				CLANG_WARN_NON_LITERAL_NULL_CONVERSION = YES;
				CLANG_WARN_OBJC_IMPLICIT_RETAIN_SELF = YES;
				CLANG_WARN_OBJC_LITERAL_CONVERSION = YES;
				CLANG_WARN_OBJC_ROOT_CLASS = YES_ERROR;
				CLANG_WARN_RANGE_LOOP_ANALYSIS = YES;
				CLANG_WARN_STRICT_PROTOTYPES = YES;
				CLANG_WARN_SUSPICIOUS_MOVE = YES;
				CLANG_WARN_UNGUARDED_AVAILABILITY = YES_AGGRESSIVE;
				CLANG_WARN_UNREACHABLE_CODE = YES;
				CLANG_WARN__DUPLICATE_METHOD_MATCH = YES;
				COPY_PHASE_STRIP = NO;
				DEBUG_INFORMATION_FORMAT = "dwarf-with-dsym";
				ENABLE_NS_ASSERTIONS = NO;
				ENABLE_STRICT_OBJC_MSGSEND = YES;
				GCC_C_LANGUAGE_STANDARD = gnu11;
				GCC_NO_COMMON_BLOCKS = YES;
				GCC_WARN_64_TO_32_BIT_CONVERSION = YES;
				GCC_WARN_ABOUT_RETURN_TYPE = YES_ERROR;
				GCC_WARN_UNDECLARED_SELECTOR = YES;
				GCC_WARN_UNINITIALIZED_AUTOS = YES_AGGRESSIVE;
				GCC_WARN_UNUSED_FUNCTION = YES;
				GCC_WARN_UNUSED_VARIABLE = YES;
				IPHONEOS_DEPLOYMENT_TARGET = 13.0;
				MTL_ENABLE_DEBUG_INFO = NO;
				MTL_FAST_MATH = YES;
				SDKROOT = iphoneos;
				SWIFT_COMPILATION_MODE = wholemodule;
				SWIFT_OPTIMIZATION_LEVEL = "-O";
				VALIDATE_PRODUCT = YES;
			};
			name = Release;
		};
		BCF28026232E8E7400B8C9AB /* Debug */ = {
			isa = XCBuildConfiguration;
			buildSettings = {
				ASSETCATALOG_COMPILER_APPICON_NAME = AppIcon;
				CODE_SIGN_STYLE = Automatic;
				INFOPLIST_FILE = ExampleApp/Info.plist;
				LD_RUNPATH_SEARCH_PATHS = (
					"$(inherited)",
					"@executable_path/Frameworks",
				);
				PRODUCT_BUNDLE_IDENTIFIER = im.ankit.ExampleApp;
				PRODUCT_NAME = "$(TARGET_NAME)";
				SWIFT_VERSION = 5.0;
				TARGETED_DEVICE_FAMILY = "1,2";
			};
			name = Debug;
		};
		BCF28027232E8E7400B8C9AB /* Release */ = {
			isa = XCBuildConfiguration;
			buildSettings = {
				ASSETCATALOG_COMPILER_APPICON_NAME = AppIcon;
				CODE_SIGN_STYLE = Automatic;
				INFOPLIST_FILE = ExampleApp/Info.plist;
				LD_RUNPATH_SEARCH_PATHS = (
					"$(inherited)",
					"@executable_path/Frameworks",
				);
				PRODUCT_BUNDLE_IDENTIFIER = im.ankit.ExampleApp;
				PRODUCT_NAME = "$(TARGET_NAME)";
				SWIFT_VERSION = 5.0;
				TARGETED_DEVICE_FAMILY = "1,2";
			};
			name = Release;
		};
/* End XCBuildConfiguration section */

/* Begin XCConfigurationList section */
		BCF2800C232E8E7300B8C9AB /* Build configuration list for PBXProject "ExampleApp" */ = {
			isa = XCConfigurationList;
			buildConfigurations = (
				BCF28023232E8E7400B8C9AB /* Debug */,
				BCF28024232E8E7400B8C9AB /* Release */,
			);
			defaultConfigurationIsVisible = 0;
			defaultConfigurationName = Release;
		};
		BCF28025232E8E7400B8C9AB /* Build configuration list for PBXNativeTarget "ExampleApp" */ = {
			isa = XCConfigurationList;
			buildConfigurations = (
				BCF28026232E8E7400B8C9AB /* Debug */,
				BCF28027232E8E7400B8C9AB /* Release */,
			);
			defaultConfigurationIsVisible = 0;
			defaultConfigurationName = Release;
		};
/* End XCConfigurationList section */

/* Begin XCSwiftPackageProductDependency section */
		BCF28029232E8EE500B8C9AB /* CodeGenTool */ = {
			isa = XCSwiftPackageProductDependency;
			productName = CodeGenTool;
		};
/* End XCSwiftPackageProductDependency section */
	};
	rootObject = BCF28009232E8E7300B8C9AB /* Project object */;
}
